
Microsoft Visual Studio Solution File, Format Version 12.00
# Visual Studio Version 17
VisualStudioVersion = 17.4.33213.308
MinimumVisualStudioVersion = 10.0.40219.1
Project("{FAE04EC0-301F-11D3-BF4B-00C04F79EFBC}") = "CinemaWPF", "CinemaWPF\CinemaWPF.csproj", "{71414CB7-7D79-4D03-9D5F-F39FFB394F30}"
EndProject
Global
	GlobalSection(SolutionConfigurationPlatforms) = preSolution
		Debug|Any CPU = Debug|Any CPU
		Release|Any CPU = Release|Any CPU
	EndGlobalSection
	GlobalSection(ProjectConfigurationPlatforms) = postSolution
		{71414CB7-7D79-4D03-9D5F-F39FFB394F30}.Debug|Any CPU.ActiveCfg = Debug|Any CPU
		{71414CB7-7D79-4D03-9D5F-F39FFB394F30}.Debug|Any CPU.Build.0 = Debug|Any CPU
		{71414CB7-7D79-4D03-9D5F-F39FFB394F30}.Release|Any CPU.ActiveCfg = Release|Any CPU
		{71414CB7-7D79-4D03-9D5F-F39FFB394F30}.Release|Any CPU.Build.0 = Release|Any CPU
	EndGlobalSection
	GlobalSection(SolutionProperties) = preSolution
		HideSolutionNode = FALSE
	EndGlobalSection
	GlobalSection(ExtensibilityGlobals) = postSolution
		SolutionGuid = {F40205C9-E883-40E4-BFE0-784C13B8FA01}
	EndGlobalSection
EndGlobal
